
Microsoft Visual Studio Solution File, Format Version 12.00
# Visual Studio 15
VisualStudioVersion = 15.0.27130.2036
MinimumVisualStudioVersion = 10.0.40219.1
Project("{9A19103F-16F7-4668-BE54-9A1E7A4F7556}") = "Neo.Gui.Cross", "src\Neo.Gui.Cross\Neo.Gui.Cross.csproj", "{FB81EBCF-73B8-490C-98D1-E6BA36F00895}"
EndProject
Global
	GlobalSection(SolutionConfigurationPlatforms) = preSolution
		Debug|Any CPU = Debug|Any CPU
		Release|Any CPU = Release|Any CPU
	EndGlobalSection
	GlobalSection(ProjectConfigurationPlatforms) = postSolution
		{FB81EBCF-73B8-490C-98D1-E6BA36F00895}.Debug|Any CPU.ActiveCfg = Debug|Any CPU
		{FB81EBCF-73B8-490C-98D1-E6BA36F00895}.Debug|Any CPU.Build.0 = Debug|Any CPU
		{FB81EBCF-73B8-490C-98D1-E6BA36F00895}.Release|Any CPU.ActiveCfg = Release|Any CPU
		{FB81EBCF-73B8-490C-98D1-E6BA36F00895}.Release|Any CPU.Build.0 = Release|Any CPU
	EndGlobalSection
	GlobalSection(SolutionProperties) = preSolution
		HideSolutionNode = FALSE
	EndGlobalSection
	GlobalSection(ExtensibilityGlobals) = postSolution
		SolutionGuid = {A50C016C-BC54-4D2B-A8CE-7CFDDB84FCAA}
	EndGlobalSection
EndGlobal
