
Microsoft Visual Studio Solution File, Format Version 12.00
# Visual Studio 15
VisualStudioVersion = 15.0.26730.10
MinimumVisualStudioVersion = 10.0.40219.1
Project("{FAE04EC0-301F-11D3-BF4B-00C04F79EFBC}") = "Neo.Gui.Wpf", "Neo.Gui.Wpf\Neo.Gui.Wpf.csproj", "{CFC243F0-F4E3-4754-8E21-8BA17E1C1788}"
EndProject
Project("{FAE04EC0-301F-11D3-BF4B-00C04F79EFBC}") = "Neo.UniversalWallet", "Neo.UniversalWallet\Neo.UniversalWallet.csproj", "{1D2B0762-C480-47E1-A3AA-56EA3C00405F}"
EndProject
Project("{9A19103F-16F7-4668-BE54-9A1E7A4F7556}") = "Neo.Gui.ViewModels", "Neo.Gui.ViewModels\Neo.Gui.ViewModels.csproj", "{6B4C96B5-9B1A-45A4-BB30-827768EDE82C}"
EndProject
Project("{9A19103F-16F7-4668-BE54-9A1E7A4F7556}") = "Neo.Gui.Dialogs", "Neo.Gui.Dialogs\Neo.Gui.Dialogs.csproj", "{595B7C9E-5DF5-47E3-B953-ABD422897A85}"
EndProject
Project("{2150E333-8FDC-42A3-9474-1A3956D46DE8}") = "Tests", "Tests", "{086BB6EE-E60E-45C4-8590-DF528AE96AEE}"
EndProject
Project("{9A19103F-16F7-4668-BE54-9A1E7A4F7556}") = "Neo.Gui.ViewModels.Tests", "Tests\Neo.Gui.ViewModels.Tests\Neo.Gui.ViewModels.Tests.csproj", "{B55307C0-BE48-4148-A1CD-D42ADFC360D6}"
EndProject
Project("{9A19103F-16F7-4668-BE54-9A1E7A4F7556}") = "Neo.UI.Core.Tests", "Tests\Neo.UI.Core.Tests\Neo.UI.Core.Tests.csproj", "{9D18A4FD-F3A0-4E58-AC60-AF2D9DCF954A}"
EndProject
Project("{9A19103F-16F7-4668-BE54-9A1E7A4F7556}") = "Neo.Gui.TestHelpers", "Tests\Neo.Gui.TestHelpers\Neo.Gui.TestHelpers.csproj", "{E5903A9F-0804-4912-92CC-469E47FAE4F6}"
EndProject
Project("{2150E333-8FDC-42A3-9474-1A3956D46DE8}") = "Core", "Core", "{1BCCE14C-0A01-4DCE-A41E-743D32866CB0}"
EndProject
Project("{9A19103F-16F7-4668-BE54-9A1E7A4F7556}") = "Neo.UI.Core.Data", "Core\Neo.UI.Core.Data\Neo.UI.Core.Data.csproj", "{5AAFF4E8-108E-4B55-905B-A63CCF866046}"
EndProject
Project("{9A19103F-16F7-4668-BE54-9A1E7A4F7556}") = "Neo.UI.Core.Globalization", "Core\Neo.UI.Core.Globalization\Neo.UI.Core.Globalization.csproj", "{34501D6D-410C-4E1E-8C47-1A2EBBFBE611}"
EndProject
Project("{9A19103F-16F7-4668-BE54-9A1E7A4F7556}") = "Neo.UI.Core.Helpers", "Core\Neo.UI.Core.Helpers\Neo.UI.Core.Helpers.csproj", "{D3906EE1-A584-4CE7-8ED8-8B0DE74AAEA3}"
EndProject
Project("{9A19103F-16F7-4668-BE54-9A1E7A4F7556}") = "Neo.UI.Core.Transactions", "Core\Neo.UI.Core.Transactions\Neo.UI.Core.Transactions.csproj", "{9EAA800B-736E-44A1-A67F-5F3AB208646D}"
EndProject
Project("{9A19103F-16F7-4668-BE54-9A1E7A4F7556}") = "Neo.UI.Core.Services.Interfaces", "Core\Neo.UI.Core.Services.Interfaces\Neo.UI.Core.Services.Interfaces.csproj", "{88D20AB7-F1F3-4684-85EA-7AA6B463B45A}"
EndProject
Project("{9A19103F-16F7-4668-BE54-9A1E7A4F7556}") = "Neo.UI.Core.Services.Implementations", "Core\Neo.UI.Core.Services.Implementations\Neo.UI.Core.Services.Implementations.csproj", "{FAAF66BF-29C2-423C-98E5-DD962456F477}"
EndProject
Project("{9A19103F-16F7-4668-BE54-9A1E7A4F7556}") = "Neo.UI.Core.Theming", "Core\Neo.UI.Core.Theming\Neo.UI.Core.Theming.csproj", "{D13B68B5-DF14-4A80-B689-8E88F7B4C142}"
EndProject
Project("{9A19103F-16F7-4668-BE54-9A1E7A4F7556}") = "Neo.UI.Core.Messaging", "Core\Neo.UI.Core.Messaging\Neo.UI.Core.Messaging.csproj", "{995C8261-C702-481B-878F-4E99062E1E71}"
EndProject
Project("{9A19103F-16F7-4668-BE54-9A1E7A4F7556}") = "Neo.UI.Core.Converters", "Core\Neo.UI.Core.Converters\Neo.UI.Core.Converters.csproj", "{770047AB-B5E7-42AE-BACB-8585D382E3C9}"
EndProject
Project("{9A19103F-16F7-4668-BE54-9A1E7A4F7556}") = "Neo.UI.Core.Wallet", "Core\Neo.UI.Core.Wallet\Neo.UI.Core.Wallet.csproj", "{93DB834C-CF13-4D26-ADEE-3204BF44C7CE}"
EndProject
Project("{9A19103F-16F7-4668-BE54-9A1E7A4F7556}") = "Neo.UI.Core.Internal.Services", "Core\Neo.UI.Core.Internal.Services\Neo.UI.Core.Internal.Services.csproj", "{D5459DB5-3EA2-42DC-908A-E2E8D4AE6F93}"
EndProject
Global
	GlobalSection(SolutionConfigurationPlatforms) = preSolution
		Debug|Any CPU = Debug|Any CPU
		DebugCoZTestNet|Any CPU = DebugCoZTestNet|Any CPU
		DebugNeoTestNet|Any CPU = DebugNeoTestNet|Any CPU
		DebugPrivateNet|Any CPU = DebugPrivateNet|Any CPU
		Release|Any CPU = Release|Any CPU
	EndGlobalSection
	GlobalSection(ProjectConfigurationPlatforms) = postSolution
		{CFC243F0-F4E3-4754-8E21-8BA17E1C1788}.Debug|Any CPU.ActiveCfg = Debug|Any CPU
		{CFC243F0-F4E3-4754-8E21-8BA17E1C1788}.Debug|Any CPU.Build.0 = Debug|Any CPU
		{CFC243F0-F4E3-4754-8E21-8BA17E1C1788}.DebugCoZTestNet|Any CPU.ActiveCfg = DebugCoZTestNet|Any CPU
		{CFC243F0-F4E3-4754-8E21-8BA17E1C1788}.DebugCoZTestNet|Any CPU.Build.0 = DebugCoZTestNet|Any CPU
		{CFC243F0-F4E3-4754-8E21-8BA17E1C1788}.DebugNeoTestNet|Any CPU.ActiveCfg = DebugNeoTestNet|Any CPU
		{CFC243F0-F4E3-4754-8E21-8BA17E1C1788}.DebugNeoTestNet|Any CPU.Build.0 = DebugNeoTestNet|Any CPU
		{CFC243F0-F4E3-4754-8E21-8BA17E1C1788}.DebugPrivateNet|Any CPU.ActiveCfg = DebugPrivateNet|Any CPU
		{CFC243F0-F4E3-4754-8E21-8BA17E1C1788}.DebugPrivateNet|Any CPU.Build.0 = DebugPrivateNet|Any CPU
		{CFC243F0-F4E3-4754-8E21-8BA17E1C1788}.Release|Any CPU.ActiveCfg = Release|Any CPU
		{CFC243F0-F4E3-4754-8E21-8BA17E1C1788}.Release|Any CPU.Build.0 = Release|Any CPU
		{1D2B0762-C480-47E1-A3AA-56EA3C00405F}.Debug|Any CPU.ActiveCfg = Debug|Any CPU
		{1D2B0762-C480-47E1-A3AA-56EA3C00405F}.Debug|Any CPU.Build.0 = Debug|Any CPU
		{1D2B0762-C480-47E1-A3AA-56EA3C00405F}.DebugCoZTestNet|Any CPU.ActiveCfg = Debug|Any CPU
		{1D2B0762-C480-47E1-A3AA-56EA3C00405F}.DebugCoZTestNet|Any CPU.Build.0 = Debug|Any CPU
		{1D2B0762-C480-47E1-A3AA-56EA3C00405F}.DebugNeoTestNet|Any CPU.ActiveCfg = Debug|Any CPU
		{1D2B0762-C480-47E1-A3AA-56EA3C00405F}.DebugNeoTestNet|Any CPU.Build.0 = Debug|Any CPU
		{1D2B0762-C480-47E1-A3AA-56EA3C00405F}.DebugPrivateNet|Any CPU.ActiveCfg = Debug|Any CPU
		{1D2B0762-C480-47E1-A3AA-56EA3C00405F}.DebugPrivateNet|Any CPU.Build.0 = Debug|Any CPU
		{1D2B0762-C480-47E1-A3AA-56EA3C00405F}.Release|Any CPU.ActiveCfg = Release|Any CPU
		{1D2B0762-C480-47E1-A3AA-56EA3C00405F}.Release|Any CPU.Build.0 = Release|Any CPU
		{6B4C96B5-9B1A-45A4-BB30-827768EDE82C}.Debug|Any CPU.ActiveCfg = Debug|Any CPU
		{6B4C96B5-9B1A-45A4-BB30-827768EDE82C}.Debug|Any CPU.Build.0 = Debug|Any CPU
		{6B4C96B5-9B1A-45A4-BB30-827768EDE82C}.DebugCoZTestNet|Any CPU.ActiveCfg = DebugCoZTestNet|Any CPU
		{6B4C96B5-9B1A-45A4-BB30-827768EDE82C}.DebugCoZTestNet|Any CPU.Build.0 = DebugCoZTestNet|Any CPU
		{6B4C96B5-9B1A-45A4-BB30-827768EDE82C}.DebugNeoTestNet|Any CPU.ActiveCfg = DebugNeoTestNet|Any CPU
		{6B4C96B5-9B1A-45A4-BB30-827768EDE82C}.DebugNeoTestNet|Any CPU.Build.0 = DebugNeoTestNet|Any CPU
		{6B4C96B5-9B1A-45A4-BB30-827768EDE82C}.DebugPrivateNet|Any CPU.ActiveCfg = DebugPrivateNet|Any CPU
		{6B4C96B5-9B1A-45A4-BB30-827768EDE82C}.DebugPrivateNet|Any CPU.Build.0 = DebugPrivateNet|Any CPU
		{6B4C96B5-9B1A-45A4-BB30-827768EDE82C}.Release|Any CPU.ActiveCfg = Release|Any CPU
		{6B4C96B5-9B1A-45A4-BB30-827768EDE82C}.Release|Any CPU.Build.0 = Release|Any CPU
		{595B7C9E-5DF5-47E3-B953-ABD422897A85}.Debug|Any CPU.ActiveCfg = Debug|Any CPU
		{595B7C9E-5DF5-47E3-B953-ABD422897A85}.Debug|Any CPU.Build.0 = Debug|Any CPU
		{595B7C9E-5DF5-47E3-B953-ABD422897A85}.DebugCoZTestNet|Any CPU.ActiveCfg = DebugCoZTestNet|Any CPU
		{595B7C9E-5DF5-47E3-B953-ABD422897A85}.DebugCoZTestNet|Any CPU.Build.0 = DebugCoZTestNet|Any CPU
		{595B7C9E-5DF5-47E3-B953-ABD422897A85}.DebugNeoTestNet|Any CPU.ActiveCfg = DebugNeoTestNet|Any CPU
		{595B7C9E-5DF5-47E3-B953-ABD422897A85}.DebugNeoTestNet|Any CPU.Build.0 = DebugNeoTestNet|Any CPU
		{595B7C9E-5DF5-47E3-B953-ABD422897A85}.DebugPrivateNet|Any CPU.ActiveCfg = DebugPrivateNet|Any CPU
		{595B7C9E-5DF5-47E3-B953-ABD422897A85}.DebugPrivateNet|Any CPU.Build.0 = DebugPrivateNet|Any CPU
		{595B7C9E-5DF5-47E3-B953-ABD422897A85}.Release|Any CPU.ActiveCfg = Release|Any CPU
		{595B7C9E-5DF5-47E3-B953-ABD422897A85}.Release|Any CPU.Build.0 = Release|Any CPU
		{B55307C0-BE48-4148-A1CD-D42ADFC360D6}.Debug|Any CPU.ActiveCfg = Debug|Any CPU
		{B55307C0-BE48-4148-A1CD-D42ADFC360D6}.Debug|Any CPU.Build.0 = Debug|Any CPU
		{B55307C0-BE48-4148-A1CD-D42ADFC360D6}.DebugCoZTestNet|Any CPU.ActiveCfg = DebugCoZTestNet|Any CPU
		{B55307C0-BE48-4148-A1CD-D42ADFC360D6}.DebugCoZTestNet|Any CPU.Build.0 = DebugCoZTestNet|Any CPU
		{B55307C0-BE48-4148-A1CD-D42ADFC360D6}.DebugNeoTestNet|Any CPU.ActiveCfg = DebugNeoTestNet|Any CPU
		{B55307C0-BE48-4148-A1CD-D42ADFC360D6}.DebugNeoTestNet|Any CPU.Build.0 = DebugNeoTestNet|Any CPU
		{B55307C0-BE48-4148-A1CD-D42ADFC360D6}.DebugPrivateNet|Any CPU.ActiveCfg = DebugPrivateNet|Any CPU
		{B55307C0-BE48-4148-A1CD-D42ADFC360D6}.DebugPrivateNet|Any CPU.Build.0 = DebugPrivateNet|Any CPU
		{B55307C0-BE48-4148-A1CD-D42ADFC360D6}.Release|Any CPU.ActiveCfg = Release|Any CPU
		{B55307C0-BE48-4148-A1CD-D42ADFC360D6}.Release|Any CPU.Build.0 = Release|Any CPU
		{9D18A4FD-F3A0-4E58-AC60-AF2D9DCF954A}.Debug|Any CPU.ActiveCfg = Debug|Any CPU
		{9D18A4FD-F3A0-4E58-AC60-AF2D9DCF954A}.Debug|Any CPU.Build.0 = Debug|Any CPU
		{9D18A4FD-F3A0-4E58-AC60-AF2D9DCF954A}.DebugCoZTestNet|Any CPU.ActiveCfg = DebugCoZTestNet|Any CPU
		{9D18A4FD-F3A0-4E58-AC60-AF2D9DCF954A}.DebugCoZTestNet|Any CPU.Build.0 = DebugCoZTestNet|Any CPU
		{9D18A4FD-F3A0-4E58-AC60-AF2D9DCF954A}.DebugNeoTestNet|Any CPU.ActiveCfg = DebugNeoTestNet|Any CPU
		{9D18A4FD-F3A0-4E58-AC60-AF2D9DCF954A}.DebugNeoTestNet|Any CPU.Build.0 = DebugNeoTestNet|Any CPU
		{9D18A4FD-F3A0-4E58-AC60-AF2D9DCF954A}.DebugPrivateNet|Any CPU.ActiveCfg = DebugPrivateNet|Any CPU
		{9D18A4FD-F3A0-4E58-AC60-AF2D9DCF954A}.DebugPrivateNet|Any CPU.Build.0 = DebugPrivateNet|Any CPU
		{9D18A4FD-F3A0-4E58-AC60-AF2D9DCF954A}.Release|Any CPU.ActiveCfg = Release|Any CPU
		{9D18A4FD-F3A0-4E58-AC60-AF2D9DCF954A}.Release|Any CPU.Build.0 = Release|Any CPU
		{E5903A9F-0804-4912-92CC-469E47FAE4F6}.Debug|Any CPU.ActiveCfg = Debug|Any CPU
		{E5903A9F-0804-4912-92CC-469E47FAE4F6}.Debug|Any CPU.Build.0 = Debug|Any CPU
		{E5903A9F-0804-4912-92CC-469E47FAE4F6}.DebugCoZTestNet|Any CPU.ActiveCfg = DebugCoZTestNet|Any CPU
		{E5903A9F-0804-4912-92CC-469E47FAE4F6}.DebugCoZTestNet|Any CPU.Build.0 = DebugCoZTestNet|Any CPU
		{E5903A9F-0804-4912-92CC-469E47FAE4F6}.DebugNeoTestNet|Any CPU.ActiveCfg = DebugNeoTestNet|Any CPU
		{E5903A9F-0804-4912-92CC-469E47FAE4F6}.DebugNeoTestNet|Any CPU.Build.0 = DebugNeoTestNet|Any CPU
		{E5903A9F-0804-4912-92CC-469E47FAE4F6}.DebugPrivateNet|Any CPU.ActiveCfg = DebugPrivateNet|Any CPU
		{E5903A9F-0804-4912-92CC-469E47FAE4F6}.DebugPrivateNet|Any CPU.Build.0 = DebugPrivateNet|Any CPU
		{E5903A9F-0804-4912-92CC-469E47FAE4F6}.Release|Any CPU.ActiveCfg = Release|Any CPU
		{E5903A9F-0804-4912-92CC-469E47FAE4F6}.Release|Any CPU.Build.0 = Release|Any CPU
		{5AAFF4E8-108E-4B55-905B-A63CCF866046}.Debug|Any CPU.ActiveCfg = Debug|Any CPU
		{5AAFF4E8-108E-4B55-905B-A63CCF866046}.Debug|Any CPU.Build.0 = Debug|Any CPU
		{5AAFF4E8-108E-4B55-905B-A63CCF866046}.DebugCoZTestNet|Any CPU.ActiveCfg = Debug|Any CPU
		{5AAFF4E8-108E-4B55-905B-A63CCF866046}.DebugCoZTestNet|Any CPU.Build.0 = Debug|Any CPU
		{5AAFF4E8-108E-4B55-905B-A63CCF866046}.DebugNeoTestNet|Any CPU.ActiveCfg = Debug|Any CPU
		{5AAFF4E8-108E-4B55-905B-A63CCF866046}.DebugNeoTestNet|Any CPU.Build.0 = Debug|Any CPU
		{5AAFF4E8-108E-4B55-905B-A63CCF866046}.DebugPrivateNet|Any CPU.ActiveCfg = Debug|Any CPU
		{5AAFF4E8-108E-4B55-905B-A63CCF866046}.DebugPrivateNet|Any CPU.Build.0 = Debug|Any CPU
		{5AAFF4E8-108E-4B55-905B-A63CCF866046}.Release|Any CPU.ActiveCfg = Release|Any CPU
		{5AAFF4E8-108E-4B55-905B-A63CCF866046}.Release|Any CPU.Build.0 = Release|Any CPU
		{34501D6D-410C-4E1E-8C47-1A2EBBFBE611}.Debug|Any CPU.ActiveCfg = Debug|Any CPU
		{34501D6D-410C-4E1E-8C47-1A2EBBFBE611}.Debug|Any CPU.Build.0 = Debug|Any CPU
		{34501D6D-410C-4E1E-8C47-1A2EBBFBE611}.DebugCoZTestNet|Any CPU.ActiveCfg = DebugCoZTestNet|Any CPU
		{34501D6D-410C-4E1E-8C47-1A2EBBFBE611}.DebugCoZTestNet|Any CPU.Build.0 = DebugCoZTestNet|Any CPU
		{34501D6D-410C-4E1E-8C47-1A2EBBFBE611}.DebugNeoTestNet|Any CPU.ActiveCfg = DebugNeoTestNet|Any CPU
		{34501D6D-410C-4E1E-8C47-1A2EBBFBE611}.DebugNeoTestNet|Any CPU.Build.0 = DebugNeoTestNet|Any CPU
		{34501D6D-410C-4E1E-8C47-1A2EBBFBE611}.DebugPrivateNet|Any CPU.ActiveCfg = DebugPrivateNet|Any CPU
		{34501D6D-410C-4E1E-8C47-1A2EBBFBE611}.DebugPrivateNet|Any CPU.Build.0 = DebugPrivateNet|Any CPU
		{34501D6D-410C-4E1E-8C47-1A2EBBFBE611}.Release|Any CPU.ActiveCfg = Release|Any CPU
		{34501D6D-410C-4E1E-8C47-1A2EBBFBE611}.Release|Any CPU.Build.0 = Release|Any CPU
		{D3906EE1-A584-4CE7-8ED8-8B0DE74AAEA3}.Debug|Any CPU.ActiveCfg = Debug|Any CPU
		{D3906EE1-A584-4CE7-8ED8-8B0DE74AAEA3}.Debug|Any CPU.Build.0 = Debug|Any CPU
		{D3906EE1-A584-4CE7-8ED8-8B0DE74AAEA3}.DebugCoZTestNet|Any CPU.ActiveCfg = Debug|Any CPU
		{D3906EE1-A584-4CE7-8ED8-8B0DE74AAEA3}.DebugCoZTestNet|Any CPU.Build.0 = Debug|Any CPU
		{D3906EE1-A584-4CE7-8ED8-8B0DE74AAEA3}.DebugNeoTestNet|Any CPU.ActiveCfg = Debug|Any CPU
		{D3906EE1-A584-4CE7-8ED8-8B0DE74AAEA3}.DebugNeoTestNet|Any CPU.Build.0 = Debug|Any CPU
		{D3906EE1-A584-4CE7-8ED8-8B0DE74AAEA3}.DebugPrivateNet|Any CPU.ActiveCfg = Debug|Any CPU
		{D3906EE1-A584-4CE7-8ED8-8B0DE74AAEA3}.DebugPrivateNet|Any CPU.Build.0 = Debug|Any CPU
		{D3906EE1-A584-4CE7-8ED8-8B0DE74AAEA3}.Release|Any CPU.ActiveCfg = Release|Any CPU
		{D3906EE1-A584-4CE7-8ED8-8B0DE74AAEA3}.Release|Any CPU.Build.0 = Release|Any CPU
		{9EAA800B-736E-44A1-A67F-5F3AB208646D}.Debug|Any CPU.ActiveCfg = Debug|Any CPU
		{9EAA800B-736E-44A1-A67F-5F3AB208646D}.Debug|Any CPU.Build.0 = Debug|Any CPU
		{9EAA800B-736E-44A1-A67F-5F3AB208646D}.DebugCoZTestNet|Any CPU.ActiveCfg = Debug|Any CPU
		{9EAA800B-736E-44A1-A67F-5F3AB208646D}.DebugCoZTestNet|Any CPU.Build.0 = Debug|Any CPU
		{9EAA800B-736E-44A1-A67F-5F3AB208646D}.DebugNeoTestNet|Any CPU.ActiveCfg = Debug|Any CPU
		{9EAA800B-736E-44A1-A67F-5F3AB208646D}.DebugNeoTestNet|Any CPU.Build.0 = Debug|Any CPU
		{9EAA800B-736E-44A1-A67F-5F3AB208646D}.DebugPrivateNet|Any CPU.ActiveCfg = Debug|Any CPU
		{9EAA800B-736E-44A1-A67F-5F3AB208646D}.DebugPrivateNet|Any CPU.Build.0 = Debug|Any CPU
		{9EAA800B-736E-44A1-A67F-5F3AB208646D}.Release|Any CPU.ActiveCfg = Release|Any CPU
		{9EAA800B-736E-44A1-A67F-5F3AB208646D}.Release|Any CPU.Build.0 = Release|Any CPU
		{88D20AB7-F1F3-4684-85EA-7AA6B463B45A}.Debug|Any CPU.ActiveCfg = Debug|Any CPU
		{88D20AB7-F1F3-4684-85EA-7AA6B463B45A}.Debug|Any CPU.Build.0 = Debug|Any CPU
		{88D20AB7-F1F3-4684-85EA-7AA6B463B45A}.DebugCoZTestNet|Any CPU.ActiveCfg = Debug|Any CPU
		{88D20AB7-F1F3-4684-85EA-7AA6B463B45A}.DebugCoZTestNet|Any CPU.Build.0 = Debug|Any CPU
		{88D20AB7-F1F3-4684-85EA-7AA6B463B45A}.DebugNeoTestNet|Any CPU.ActiveCfg = Debug|Any CPU
		{88D20AB7-F1F3-4684-85EA-7AA6B463B45A}.DebugNeoTestNet|Any CPU.Build.0 = Debug|Any CPU
		{88D20AB7-F1F3-4684-85EA-7AA6B463B45A}.DebugPrivateNet|Any CPU.ActiveCfg = Debug|Any CPU
		{88D20AB7-F1F3-4684-85EA-7AA6B463B45A}.DebugPrivateNet|Any CPU.Build.0 = Debug|Any CPU
		{88D20AB7-F1F3-4684-85EA-7AA6B463B45A}.Release|Any CPU.ActiveCfg = Release|Any CPU
		{88D20AB7-F1F3-4684-85EA-7AA6B463B45A}.Release|Any CPU.Build.0 = Release|Any CPU
		{FAAF66BF-29C2-423C-98E5-DD962456F477}.Debug|Any CPU.ActiveCfg = Debug|Any CPU
		{FAAF66BF-29C2-423C-98E5-DD962456F477}.Debug|Any CPU.Build.0 = Debug|Any CPU
		{FAAF66BF-29C2-423C-98E5-DD962456F477}.DebugCoZTestNet|Any CPU.ActiveCfg = Debug|Any CPU
		{FAAF66BF-29C2-423C-98E5-DD962456F477}.DebugCoZTestNet|Any CPU.Build.0 = Debug|Any CPU
		{FAAF66BF-29C2-423C-98E5-DD962456F477}.DebugNeoTestNet|Any CPU.ActiveCfg = Debug|Any CPU
		{FAAF66BF-29C2-423C-98E5-DD962456F477}.DebugNeoTestNet|Any CPU.Build.0 = Debug|Any CPU
		{FAAF66BF-29C2-423C-98E5-DD962456F477}.DebugPrivateNet|Any CPU.ActiveCfg = Debug|Any CPU
		{FAAF66BF-29C2-423C-98E5-DD962456F477}.DebugPrivateNet|Any CPU.Build.0 = Debug|Any CPU
		{FAAF66BF-29C2-423C-98E5-DD962456F477}.Release|Any CPU.ActiveCfg = Release|Any CPU
		{FAAF66BF-29C2-423C-98E5-DD962456F477}.Release|Any CPU.Build.0 = Release|Any CPU
		{D13B68B5-DF14-4A80-B689-8E88F7B4C142}.Debug|Any CPU.ActiveCfg = Debug|Any CPU
		{D13B68B5-DF14-4A80-B689-8E88F7B4C142}.Debug|Any CPU.Build.0 = Debug|Any CPU
		{D13B68B5-DF14-4A80-B689-8E88F7B4C142}.DebugCoZTestNet|Any CPU.ActiveCfg = Debug|Any CPU
		{D13B68B5-DF14-4A80-B689-8E88F7B4C142}.DebugCoZTestNet|Any CPU.Build.0 = Debug|Any CPU
		{D13B68B5-DF14-4A80-B689-8E88F7B4C142}.DebugNeoTestNet|Any CPU.ActiveCfg = Debug|Any CPU
		{D13B68B5-DF14-4A80-B689-8E88F7B4C142}.DebugNeoTestNet|Any CPU.Build.0 = Debug|Any CPU
		{D13B68B5-DF14-4A80-B689-8E88F7B4C142}.DebugPrivateNet|Any CPU.ActiveCfg = Debug|Any CPU
		{D13B68B5-DF14-4A80-B689-8E88F7B4C142}.DebugPrivateNet|Any CPU.Build.0 = Debug|Any CPU
		{D13B68B5-DF14-4A80-B689-8E88F7B4C142}.Release|Any CPU.ActiveCfg = Release|Any CPU
		{D13B68B5-DF14-4A80-B689-8E88F7B4C142}.Release|Any CPU.Build.0 = Release|Any CPU
		{995C8261-C702-481B-878F-4E99062E1E71}.Debug|Any CPU.ActiveCfg = Debug|Any CPU
		{995C8261-C702-481B-878F-4E99062E1E71}.Debug|Any CPU.Build.0 = Debug|Any CPU
		{995C8261-C702-481B-878F-4E99062E1E71}.DebugCoZTestNet|Any CPU.ActiveCfg = Debug|Any CPU
		{995C8261-C702-481B-878F-4E99062E1E71}.DebugCoZTestNet|Any CPU.Build.0 = Debug|Any CPU
		{995C8261-C702-481B-878F-4E99062E1E71}.DebugNeoTestNet|Any CPU.ActiveCfg = Debug|Any CPU
		{995C8261-C702-481B-878F-4E99062E1E71}.DebugNeoTestNet|Any CPU.Build.0 = Debug|Any CPU
		{995C8261-C702-481B-878F-4E99062E1E71}.DebugPrivateNet|Any CPU.ActiveCfg = Debug|Any CPU
		{995C8261-C702-481B-878F-4E99062E1E71}.DebugPrivateNet|Any CPU.Build.0 = Debug|Any CPU
		{995C8261-C702-481B-878F-4E99062E1E71}.Release|Any CPU.ActiveCfg = Release|Any CPU
		{995C8261-C702-481B-878F-4E99062E1E71}.Release|Any CPU.Build.0 = Release|Any CPU
		{770047AB-B5E7-42AE-BACB-8585D382E3C9}.Debug|Any CPU.ActiveCfg = Debug|Any CPU
		{770047AB-B5E7-42AE-BACB-8585D382E3C9}.Debug|Any CPU.Build.0 = Debug|Any CPU
		{770047AB-B5E7-42AE-BACB-8585D382E3C9}.DebugCoZTestNet|Any CPU.ActiveCfg = Debug|Any CPU
		{770047AB-B5E7-42AE-BACB-8585D382E3C9}.DebugCoZTestNet|Any CPU.Build.0 = Debug|Any CPU
		{770047AB-B5E7-42AE-BACB-8585D382E3C9}.DebugNeoTestNet|Any CPU.ActiveCfg = Debug|Any CPU
		{770047AB-B5E7-42AE-BACB-8585D382E3C9}.DebugNeoTestNet|Any CPU.Build.0 = Debug|Any CPU
		{770047AB-B5E7-42AE-BACB-8585D382E3C9}.DebugPrivateNet|Any CPU.ActiveCfg = Debug|Any CPU
		{770047AB-B5E7-42AE-BACB-8585D382E3C9}.DebugPrivateNet|Any CPU.Build.0 = Debug|Any CPU
		{770047AB-B5E7-42AE-BACB-8585D382E3C9}.Release|Any CPU.ActiveCfg = Release|Any CPU
		{770047AB-B5E7-42AE-BACB-8585D382E3C9}.Release|Any CPU.Build.0 = Release|Any CPU
		{93DB834C-CF13-4D26-ADEE-3204BF44C7CE}.Debug|Any CPU.ActiveCfg = Debug|Any CPU
		{93DB834C-CF13-4D26-ADEE-3204BF44C7CE}.Debug|Any CPU.Build.0 = Debug|Any CPU
		{93DB834C-CF13-4D26-ADEE-3204BF44C7CE}.DebugCoZTestNet|Any CPU.ActiveCfg = DebugCoZTestNet|Any CPU
		{93DB834C-CF13-4D26-ADEE-3204BF44C7CE}.DebugCoZTestNet|Any CPU.Build.0 = DebugCoZTestNet|Any CPU
		{93DB834C-CF13-4D26-ADEE-3204BF44C7CE}.DebugNeoTestNet|Any CPU.ActiveCfg = DebugNeoTestNet|Any CPU
		{93DB834C-CF13-4D26-ADEE-3204BF44C7CE}.DebugNeoTestNet|Any CPU.Build.0 = DebugNeoTestNet|Any CPU
		{93DB834C-CF13-4D26-ADEE-3204BF44C7CE}.DebugPrivateNet|Any CPU.ActiveCfg = DebugPrivateNet|Any CPU
		{93DB834C-CF13-4D26-ADEE-3204BF44C7CE}.DebugPrivateNet|Any CPU.Build.0 = DebugPrivateNet|Any CPU
		{93DB834C-CF13-4D26-ADEE-3204BF44C7CE}.Release|Any CPU.ActiveCfg = Release|Any CPU
		{93DB834C-CF13-4D26-ADEE-3204BF44C7CE}.Release|Any CPU.Build.0 = Release|Any CPU
		{D5459DB5-3EA2-42DC-908A-E2E8D4AE6F93}.Debug|Any CPU.ActiveCfg = Debug|Any CPU
		{D5459DB5-3EA2-42DC-908A-E2E8D4AE6F93}.Debug|Any CPU.Build.0 = Debug|Any CPU
		{D5459DB5-3EA2-42DC-908A-E2E8D4AE6F93}.DebugCoZTestNet|Any CPU.ActiveCfg = Debug|Any CPU
		{D5459DB5-3EA2-42DC-908A-E2E8D4AE6F93}.DebugCoZTestNet|Any CPU.Build.0 = Debug|Any CPU
		{D5459DB5-3EA2-42DC-908A-E2E8D4AE6F93}.DebugNeoTestNet|Any CPU.ActiveCfg = Debug|Any CPU
		{D5459DB5-3EA2-42DC-908A-E2E8D4AE6F93}.DebugNeoTestNet|Any CPU.Build.0 = Debug|Any CPU
		{D5459DB5-3EA2-42DC-908A-E2E8D4AE6F93}.DebugPrivateNet|Any CPU.ActiveCfg = Debug|Any CPU
		{D5459DB5-3EA2-42DC-908A-E2E8D4AE6F93}.DebugPrivateNet|Any CPU.Build.0 = Debug|Any CPU
		{D5459DB5-3EA2-42DC-908A-E2E8D4AE6F93}.Release|Any CPU.ActiveCfg = Release|Any CPU
		{D5459DB5-3EA2-42DC-908A-E2E8D4AE6F93}.Release|Any CPU.Build.0 = Release|Any CPU
	EndGlobalSection
	GlobalSection(SolutionProperties) = preSolution
		HideSolutionNode = FALSE
	EndGlobalSection
	GlobalSection(NestedProjects) = preSolution
		{B55307C0-BE48-4148-A1CD-D42ADFC360D6} = {086BB6EE-E60E-45C4-8590-DF528AE96AEE}
		{9D18A4FD-F3A0-4E58-AC60-AF2D9DCF954A} = {086BB6EE-E60E-45C4-8590-DF528AE96AEE}
		{E5903A9F-0804-4912-92CC-469E47FAE4F6} = {086BB6EE-E60E-45C4-8590-DF528AE96AEE}
		{5AAFF4E8-108E-4B55-905B-A63CCF866046} = {1BCCE14C-0A01-4DCE-A41E-743D32866CB0}
		{34501D6D-410C-4E1E-8C47-1A2EBBFBE611} = {1BCCE14C-0A01-4DCE-A41E-743D32866CB0}
		{D3906EE1-A584-4CE7-8ED8-8B0DE74AAEA3} = {1BCCE14C-0A01-4DCE-A41E-743D32866CB0}
		{9EAA800B-736E-44A1-A67F-5F3AB208646D} = {1BCCE14C-0A01-4DCE-A41E-743D32866CB0}
		{88D20AB7-F1F3-4684-85EA-7AA6B463B45A} = {1BCCE14C-0A01-4DCE-A41E-743D32866CB0}
		{FAAF66BF-29C2-423C-98E5-DD962456F477} = {1BCCE14C-0A01-4DCE-A41E-743D32866CB0}
		{D13B68B5-DF14-4A80-B689-8E88F7B4C142} = {1BCCE14C-0A01-4DCE-A41E-743D32866CB0}
		{995C8261-C702-481B-878F-4E99062E1E71} = {1BCCE14C-0A01-4DCE-A41E-743D32866CB0}
		{770047AB-B5E7-42AE-BACB-8585D382E3C9} = {1BCCE14C-0A01-4DCE-A41E-743D32866CB0}
		{93DB834C-CF13-4D26-ADEE-3204BF44C7CE} = {1BCCE14C-0A01-4DCE-A41E-743D32866CB0}
		{D5459DB5-3EA2-42DC-908A-E2E8D4AE6F93} = {1BCCE14C-0A01-4DCE-A41E-743D32866CB0}
	EndGlobalSection
	GlobalSection(ExtensibilityGlobals) = postSolution
		SolutionGuid = {A50C016C-BC54-4D2B-A8CE-7CFDDB84FCAA}
	EndGlobalSection
EndGlobal
