
Microsoft Visual Studio Solution File, Format Version 12.00
# Visual Studio 15
VisualStudioVersion = 15.0.26730.10
MinimumVisualStudioVersion = 10.0.40219.1
Project("{FAE04EC0-301F-11D3-BF4B-00C04F79EFBC}") = "Neo.Gui.Wpf", "Neo.Gui.Wpf\Neo.Gui.Wpf.csproj", "{CFC243F0-F4E3-4754-8E21-8BA17E1C1788}"
EndProject
Project("{9A19103F-16F7-4668-BE54-9A1E7A4F7556}") = "Neo.Gui.ViewModels.Tests", "Neo.Gui.ViewModels.Tests\Neo.Gui.ViewModels.Tests.csproj", "{B55307C0-BE48-4148-A1CD-D42ADFC360D6}"
EndProject
Project("{9A19103F-16F7-4668-BE54-9A1E7A4F7556}") = "Neo.Gui.Base", "Neo.Gui.Base\Neo.Gui.Base.csproj", "{929FDF79-F89D-4B4F-BB56-DBD1D31528B4}"
EndProject
Project("{9A19103F-16F7-4668-BE54-9A1E7A4F7556}") = "Neo.Gui.ViewModels", "Neo.Gui.ViewModels\Neo.Gui.ViewModels.csproj", "{6B4C96B5-9B1A-45A4-BB30-827768EDE82C}"
EndProject
Project("{9A19103F-16F7-4668-BE54-9A1E7A4F7556}") = "Neo.Gui.Globalization", "Neo.Gui.Globalization\Neo.Gui.Globalization.csproj", "{34501D6D-410C-4E1E-8C47-1A2EBBFBE611}"
EndProject
Global
	GlobalSection(SolutionConfigurationPlatforms) = preSolution
		Debug|Any CPU = Debug|Any CPU
		Release|Any CPU = Release|Any CPU
	EndGlobalSection
	GlobalSection(ProjectConfigurationPlatforms) = postSolution
		{CFC243F0-F4E3-4754-8E21-8BA17E1C1788}.Debug|Any CPU.ActiveCfg = Debug|Any CPU
		{CFC243F0-F4E3-4754-8E21-8BA17E1C1788}.Debug|Any CPU.Build.0 = Debug|Any CPU
		{CFC243F0-F4E3-4754-8E21-8BA17E1C1788}.Release|Any CPU.ActiveCfg = Release|Any CPU
		{CFC243F0-F4E3-4754-8E21-8BA17E1C1788}.Release|Any CPU.Build.0 = Release|Any CPU
		{B55307C0-BE48-4148-A1CD-D42ADFC360D6}.Debug|Any CPU.ActiveCfg = Debug|Any CPU
		{B55307C0-BE48-4148-A1CD-D42ADFC360D6}.Debug|Any CPU.Build.0 = Debug|Any CPU
		{B55307C0-BE48-4148-A1CD-D42ADFC360D6}.Release|Any CPU.ActiveCfg = Release|Any CPU
		{B55307C0-BE48-4148-A1CD-D42ADFC360D6}.Release|Any CPU.Build.0 = Release|Any CPU
		{929FDF79-F89D-4B4F-BB56-DBD1D31528B4}.Debug|Any CPU.ActiveCfg = Debug|Any CPU
		{929FDF79-F89D-4B4F-BB56-DBD1D31528B4}.Debug|Any CPU.Build.0 = Debug|Any CPU
		{929FDF79-F89D-4B4F-BB56-DBD1D31528B4}.Release|Any CPU.ActiveCfg = Release|Any CPU
		{929FDF79-F89D-4B4F-BB56-DBD1D31528B4}.Release|Any CPU.Build.0 = Release|Any CPU
		{6B4C96B5-9B1A-45A4-BB30-827768EDE82C}.Debug|Any CPU.ActiveCfg = Debug|Any CPU
		{6B4C96B5-9B1A-45A4-BB30-827768EDE82C}.Debug|Any CPU.Build.0 = Debug|Any CPU
		{6B4C96B5-9B1A-45A4-BB30-827768EDE82C}.Release|Any CPU.ActiveCfg = Release|Any CPU
		{6B4C96B5-9B1A-45A4-BB30-827768EDE82C}.Release|Any CPU.Build.0 = Release|Any CPU
		{34501D6D-410C-4E1E-8C47-1A2EBBFBE611}.Debug|Any CPU.ActiveCfg = Debug|Any CPU
		{34501D6D-410C-4E1E-8C47-1A2EBBFBE611}.Debug|Any CPU.Build.0 = Debug|Any CPU
		{34501D6D-410C-4E1E-8C47-1A2EBBFBE611}.Release|Any CPU.ActiveCfg = Release|Any CPU
		{34501D6D-410C-4E1E-8C47-1A2EBBFBE611}.Release|Any CPU.Build.0 = Release|Any CPU
	EndGlobalSection
	GlobalSection(SolutionProperties) = preSolution
		HideSolutionNode = FALSE
	EndGlobalSection
	GlobalSection(ExtensibilityGlobals) = postSolution
		SolutionGuid = {A50C016C-BC54-4D2B-A8CE-7CFDDB84FCAA}
	EndGlobalSection
EndGlobal
